{
  "pins" : [
    {
      "identity" : "dsfappearancemanager",
      "kind" : "remoteSourceControl",
      "location" : "https://github.com/dagronf/DSFAppearanceManager",
      "state" : {
        "revision" : "676cfd4e6aaa3cf6422990734c22544373db5c1a",
        "version" : "3.3.0"
      }
    },
    {
      "identity" : "dsfquickactionbar",
      "kind" : "remoteSourceControl",
      "location" : "https://github.com/dagronf/DSFQuickActionBar.git",
      "state" : {
        "revision" : "eebbaec76cf6ab8404971f952da90ae9be29adac",
        "version" : "6.0.1"
      }
    },
    {
      "identity" : "launchatlogin-modern",
      "kind" : "remoteSourceControl",
      "location" : "https://github.com/sindresorhus/LaunchAtLogin-Modern",
      "state" : {
        "branch" : "main",
        "revision" : "9c41991631605c8ccfe0347bbcb5c659169f2ec5"
      }
    },
    {
      "identity" : "swift-argument-parser",
      "kind" : "remoteSourceControl",
      "location" : "https://github.com/apple/swift-argument-parser.git",
      "state" : {
        "revision" : "8f4d2753f0e4778c76d5f05ad16c74f707390531",
        "version" : "1.2.3"
      }
    }
  ],
  "version" : 2
}
